// !$*UTF8*$!
{
	archiveVersion = 1;
	classes = {
	};
	objectVersion = 46;
	objects = {

/* Begin PBXBuildFile section */
		AE51BDB81AFFDD9800E817F4 /* Crashlytics.framework in Frameworks */ = {isa = PBXBuildFile; fileRef = AE51BDB71AFFDD9800E817F4 /* Crashlytics.framework */; };
		AE5D17C61AFFD62B00E55203 /* AppDelegate.swift in Sources */ = {isa = PBXBuildFile; fileRef = AE5D17C51AFFD62B00E55203 /* AppDelegate.swift */; };
		AE5D17C91AFFD62B00E55203 /* Metronome_Master.xcdatamodeld in Sources */ = {isa = PBXBuildFile; fileRef = AE5D17C71AFFD62B00E55203 /* Metronome_Master.xcdatamodeld */; };
		AE5D17CB1AFFD62B00E55203 /* ViewController.swift in Sources */ = {isa = PBXBuildFile; fileRef = AE5D17CA1AFFD62B00E55203 /* ViewController.swift */; };
		AE5D17CE1AFFD62B00E55203 /* Main.storyboard in Resources */ = {isa = PBXBuildFile; fileRef = AE5D17CC1AFFD62B00E55203 /* Main.storyboard */; };
		AE5D17D01AFFD62B00E55203 /* Images.xcassets in Resources */ = {isa = PBXBuildFile; fileRef = AE5D17CF1AFFD62B00E55203 /* Images.xcassets */; };
		AE5D17D31AFFD62B00E55203 /* LaunchScreen.xib in Resources */ = {isa = PBXBuildFile; fileRef = AE5D17D11AFFD62B00E55203 /* LaunchScreen.xib */; };
		AE5D17DF1AFFD62C00E55203 /* Metronome_MasterTests.swift in Sources */ = {isa = PBXBuildFile; fileRef = AE5D17DE1AFFD62C00E55203 /* Metronome_MasterTests.swift */; };
/* End PBXBuildFile section */

/* Begin PBXContainerItemProxy section */
		AE5D17D91AFFD62C00E55203 /* PBXContainerItemProxy */ = {
			isa = PBXContainerItemProxy;
			containerPortal = AE5D17B81AFFD62B00E55203 /* Project object */;
			proxyType = 1;
			remoteGlobalIDString = AE5D17BF1AFFD62B00E55203;
			remoteInfo = "Metronome Master";
		};
/* End PBXContainerItemProxy section */

/* Begin PBXFileReference section */
		AE51BDB61AFFDD4100E817F4 /* Metronome Master.entitlements */ = {isa = PBXFileReference; lastKnownFileType = text.xml; path = "Metronome Master.entitlements"; sourceTree = "<group>"; };
		AE51BDB71AFFDD9800E817F4 /* Crashlytics.framework */ = {isa = PBXFileReference; lastKnownFileType = wrapper.framework; path = Crashlytics.framework; sourceTree = "<group>"; };
		AE5D17C01AFFD62B00E55203 /* Metronome Master.app */ = {isa = PBXFileReference; explicitFileType = wrapper.application; includeInIndex = 0; path = "Metronome Master.app"; sourceTree = BUILT_PRODUCTS_DIR; };
		AE5D17C41AFFD62B00E55203 /* Info.plist */ = {isa = PBXFileReference; lastKnownFileType = text.plist.xml; path = Info.plist; sourceTree = "<group>"; };
		AE5D17C51AFFD62B00E55203 /* AppDelegate.swift */ = {isa = PBXFileReference; lastKnownFileType = sourcecode.swift; path = AppDelegate.swift; sourceTree = "<group>"; };
		AE5D17C81AFFD62B00E55203 /* Metronome_Master.xcdatamodel */ = {isa = PBXFileReference; lastKnownFileType = wrapper.xcdatamodel; path = Metronome_Master.xcdatamodel; sourceTree = "<group>"; };
		AE5D17CA1AFFD62B00E55203 /* ViewController.swift */ = {isa = PBXFileReference; lastKnownFileType = sourcecode.swift; path = ViewController.swift; sourceTree = "<group>"; };
		AE5D17CD1AFFD62B00E55203 /* Base */ = {isa = PBXFileReference; lastKnownFileType = file.storyboard; name = Base; path = Base.lproj/Main.storyboard; sourceTree = "<group>"; };
		AE5D17CF1AFFD62B00E55203 /* Images.xcassets */ = {isa = PBXFileReference; lastKnownFileType = folder.assetcatalog; path = Images.xcassets; sourceTree = "<group>"; };
		AE5D17D21AFFD62B00E55203 /* Base */ = {isa = PBXFileReference; lastKnownFileType = file.xib; name = Base; path = Base.lproj/LaunchScreen.xib; sourceTree = "<group>"; };
		AE5D17D81AFFD62C00E55203 /* Metronome MasterTests.xctest */ = {isa = PBXFileReference; explicitFileType = wrapper.cfbundle; includeInIndex = 0; path = "Metronome MasterTests.xctest"; sourceTree = BUILT_PRODUCTS_DIR; };
		AE5D17DD1AFFD62C00E55203 /* Info.plist */ = {isa = PBXFileReference; lastKnownFileType = text.plist.xml; path = Info.plist; sourceTree = "<group>"; };
		AE5D17DE1AFFD62C00E55203 /* Metronome_MasterTests.swift */ = {isa = PBXFileReference; lastKnownFileType = sourcecode.swift; path = Metronome_MasterTests.swift; sourceTree = "<group>"; };
/* End PBXFileReference section */

/* Begin PBXFrameworksBuildPhase section */
		AE5D17BD1AFFD62B00E55203 /* Frameworks */ = {
			isa = PBXFrameworksBuildPhase;
			buildActionMask = 2147483647;
			files = (
				AE51BDB81AFFDD9800E817F4 /* Crashlytics.framework in Frameworks */,
			);
			runOnlyForDeploymentPostprocessing = 0;
		};
		AE5D17D51AFFD62C00E55203 /* Frameworks */ = {
			isa = PBXFrameworksBuildPhase;
			buildActionMask = 2147483647;
			files = (
			);
			runOnlyForDeploymentPostprocessing = 0;
		};
/* End PBXFrameworksBuildPhase section */

/* Begin PBXGroup section */
		AE5D17B71AFFD62B00E55203 = {
			isa = PBXGroup;
			children = (
				AE5D17C21AFFD62B00E55203 /* Metronome Master */,
				AE5D17DB1AFFD62C00E55203 /* Metronome MasterTests */,
				AE5D17C11AFFD62B00E55203 /* Products */,
			);
			sourceTree = "<group>";
		};
		AE5D17C11AFFD62B00E55203 /* Products */ = {
			isa = PBXGroup;
			children = (
				AE5D17C01AFFD62B00E55203 /* Metronome Master.app */,
				AE5D17D81AFFD62C00E55203 /* Metronome MasterTests.xctest */,
			);
			name = Products;
			sourceTree = "<group>";
		};
		AE5D17C21AFFD62B00E55203 /* Metronome Master */ = {
			isa = PBXGroup;
			children = (
				AE51BDB61AFFDD4100E817F4 /* Metronome Master.entitlements */,
				AE5D17C51AFFD62B00E55203 /* AppDelegate.swift */,
				AE5D17CA1AFFD62B00E55203 /* ViewController.swift */,
				AE5D17CC1AFFD62B00E55203 /* Main.storyboard */,
				AE5D17CF1AFFD62B00E55203 /* Images.xcassets */,
				AE5D17D11AFFD62B00E55203 /* LaunchScreen.xib */,
				AE5D17C71AFFD62B00E55203 /* Metronome_Master.xcdatamodeld */,
				AE5D17C31AFFD62B00E55203 /* Supporting Files */,
			);
			path = "Metronome Master";
			sourceTree = "<group>";
		};
		AE5D17C31AFFD62B00E55203 /* Supporting Files */ = {
			isa = PBXGroup;
			children = (
				AE51BDB71AFFDD9800E817F4 /* Crashlytics.framework */,
				AE5D17C41AFFD62B00E55203 /* Info.plist */,
			);
			name = "Supporting Files";
			sourceTree = "<group>";
		};
		AE5D17DB1AFFD62C00E55203 /* Metronome MasterTests */ = {
			isa = PBXGroup;
			children = (
				AE5D17DE1AFFD62C00E55203 /* Metronome_MasterTests.swift */,
				AE5D17DC1AFFD62C00E55203 /* Supporting Files */,
			);
			path = "Metronome MasterTests";
			sourceTree = "<group>";
		};
		AE5D17DC1AFFD62C00E55203 /* Supporting Files */ = {
			isa = PBXGroup;
			children = (
				AE5D17DD1AFFD62C00E55203 /* Info.plist */,
			);
			name = "Supporting Files";
			sourceTree = "<group>";
		};
/* End PBXGroup section */

/* Begin PBXNativeTarget section */
		AE5D17BF1AFFD62B00E55203 /* Metronome Master */ = {
			isa = PBXNativeTarget;
			buildConfigurationList = AE5D17E21AFFD62C00E55203 /* Build configuration list for PBXNativeTarget "Metronome Master" */;
			buildPhases = (
				AE5D17BC1AFFD62B00E55203 /* Sources */,
				AE5D17BD1AFFD62B00E55203 /* Frameworks */,
				AE5D17BE1AFFD62B00E55203 /* Resources */,
				AE5D17E81AFFD86D00E55203 /* ShellScript */,
			);
			buildRules = (
			);
			dependencies = (
			);
			name = "Metronome Master";
			productName = "Metronome Master";
			productReference = AE5D17C01AFFD62B00E55203 /* Metronome Master.app */;
			productType = "com.apple.product-type.application";
		};
		AE5D17D71AFFD62C00E55203 /* Metronome MasterTests */ = {
			isa = PBXNativeTarget;
			buildConfigurationList = AE5D17E51AFFD62C00E55203 /* Build configuration list for PBXNativeTarget "Metronome MasterTests" */;
			buildPhases = (
				AE5D17D41AFFD62C00E55203 /* Sources */,
				AE5D17D51AFFD62C00E55203 /* Frameworks */,
				AE5D17D61AFFD62C00E55203 /* Resources */,
			);
			buildRules = (
			);
			dependencies = (
				AE5D17DA1AFFD62C00E55203 /* PBXTargetDependency */,
			);
			name = "Metronome MasterTests";
			productName = "Metronome MasterTests";
			productReference = AE5D17D81AFFD62C00E55203 /* Metronome MasterTests.xctest */;
			productType = "com.apple.product-type.bundle.unit-test";
		};
/* End PBXNativeTarget section */

/* Begin PBXProject section */
		AE5D17B81AFFD62B00E55203 /* Project object */ = {
			isa = PBXProject;
			attributes = {
				LastUpgradeCheck = 0630;
				ORGANIZATIONNAME = "Andrew Paterson";
				TargetAttributes = {
					AE5D17BF1AFFD62B00E55203 = {
						CreatedOnToolsVersion = 6.3.1;
						DevelopmentTeam = 3W67YYZ9EF;
						SystemCapabilities = {
							com.apple.iCloud = {
								enabled = 1;
							};
						};
					};
					AE5D17D71AFFD62C00E55203 = {
						CreatedOnToolsVersion = 6.3.1;
						TestTargetID = AE5D17BF1AFFD62B00E55203;
					};
				};
			};
			buildConfigurationList = AE5D17BB1AFFD62B00E55203 /* Build configuration list for PBXProject "Metronome Master" */;
			compatibilityVersion = "Xcode 3.2";
			developmentRegion = English;
			hasScannedForEncodings = 0;
			knownRegions = (
				en,
				Base,
			);
			mainGroup = AE5D17B71AFFD62B00E55203;
			productRefGroup = AE5D17C11AFFD62B00E55203 /* Products */;
			projectDirPath = "";
			projectRoot = "";
			targets = (
				AE5D17BF1AFFD62B00E55203 /* Metronome Master */,
				AE5D17D71AFFD62C00E55203 /* Metronome MasterTests */,
			);
		};
/* End PBXProject section */

/* Begin PBXResourcesBuildPhase section */
		AE5D17BE1AFFD62B00E55203 /* Resources */ = {
			isa = PBXResourcesBuildPhase;
			buildActionMask = 2147483647;
			files = (
				AE5D17CE1AFFD62B00E55203 /* Main.storyboard in Resources */,
				AE5D17D31AFFD62B00E55203 /* LaunchScreen.xib in Resources */,
				AE5D17D01AFFD62B00E55203 /* Images.xcassets in Resources */,
			);
			runOnlyForDeploymentPostprocessing = 0;
		};
		AE5D17D61AFFD62C00E55203 /* Resources */ = {
			isa = PBXResourcesBuildPhase;
			buildActionMask = 2147483647;
			files = (
			);
			runOnlyForDeploymentPostprocessing = 0;
		};
/* End PBXResourcesBuildPhase section */

/* Begin PBXShellScriptBuildPhase section */
		AE5D17E81AFFD86D00E55203 /* ShellScript */ = {
			isa = PBXShellScriptBuildPhase;
			buildActionMask = 2147483647;
			files = (
			);
			inputPaths = (
			);
			outputPaths = (
			);
			runOnlyForDeploymentPostprocessing = 0;
			shellPath = /bin/sh;
			shellScript = "git=`sh /etc/profile; which git`\nappBuild=`\"$git\" rev-list --all |wc -l`\nif [ $CONFIGURATION = \"Debug\" ]; then\nbranchName=`\"$git\" rev-parse --abbrev-ref HEAD`\n/usr/libexec/PlistBuddy -c \"Set :CFBundleVersion $appBuild-$branchName\" \"${TARGET_BUILD_DIR}/${INFOPLIST_PATH}\"\nelse\n/usr/libexec/PlistBuddy -c \"Set :CFBundleVersion $appBuild\" \"${TARGET_BUILD_DIR}/${INFOPLIST_PATH}\"\nfi\necho \"Updated ${TARGET_BUILD_DIR}/${INFOPLIST_PATH}\"\n\n./Crashlytics.framework/run 1c6d125161cfd6155af441bc83d21a64632d815c 0bd63c3e7bccadb5a03117ce104a04e0040a7858af6c8bc5824aed3b65726fbd";
		};
/* End PBXShellScriptBuildPhase section */

/* Begin PBXSourcesBuildPhase section */
		AE5D17BC1AFFD62B00E55203 /* Sources */ = {
			isa = PBXSourcesBuildPhase;
			buildActionMask = 2147483647;
			files = (
				AE5D17CB1AFFD62B00E55203 /* ViewController.swift in Sources */,
				AE5D17C91AFFD62B00E55203 /* Metronome_Master.xcdatamodeld in Sources */,
				AE5D17C61AFFD62B00E55203 /* AppDelegate.swift in Sources */,
			);
			runOnlyForDeploymentPostprocessing = 0;
		};
		AE5D17D41AFFD62C00E55203 /* Sources */ = {
			isa = PBXSourcesBuildPhase;
			buildActionMask = 2147483647;
			files = (
				AE5D17DF1AFFD62C00E55203 /* Metronome_MasterTests.swift in Sources */,
			);
			runOnlyForDeploymentPostprocessing = 0;
		};
/* End PBXSourcesBuildPhase section */

/* Begin PBXTargetDependency section */
		AE5D17DA1AFFD62C00E55203 /* PBXTargetDependency */ = {
			isa = PBXTargetDependency;
			target = AE5D17BF1AFFD62B00E55203 /* Metronome Master */;
			targetProxy = AE5D17D91AFFD62C00E55203 /* PBXContainerItemProxy */;
		};
/* End PBXTargetDependency section */

/* Begin PBXVariantGroup section */
		AE5D17CC1AFFD62B00E55203 /* Main.storyboard */ = {
			isa = PBXVariantGroup;
			children = (
				AE5D17CD1AFFD62B00E55203 /* Base */,
			);
			name = Main.storyboard;
			sourceTree = "<group>";
		};
		AE5D17D11AFFD62B00E55203 /* LaunchScreen.xib */ = {
			isa = PBXVariantGroup;
			children = (
				AE5D17D21AFFD62B00E55203 /* Base */,
			);
			name = LaunchScreen.xib;
			sourceTree = "<group>";
		};
/* End PBXVariantGroup section */

/* Begin XCBuildConfiguration section */
		AE5D17E01AFFD62C00E55203 /* Debug */ = {
			isa = XCBuildConfiguration;
			buildSettings = {
				ALWAYS_SEARCH_USER_PATHS = NO;
				CLANG_CXX_LANGUAGE_STANDARD = "gnu++0x";
				CLANG_CXX_LIBRARY = "libc++";
				CLANG_ENABLE_MODULES = YES;
				CLANG_ENABLE_OBJC_ARC = YES;
				CLANG_WARN_BOOL_CONVERSION = YES;
				CLANG_WARN_CONSTANT_CONVERSION = YES;
				CLANG_WARN_DIRECT_OBJC_ISA_USAGE = YES_ERROR;
				CLANG_WARN_EMPTY_BODY = YES;
				CLANG_WARN_ENUM_CONVERSION = YES;
				CLANG_WARN_INT_CONVERSION = YES;
				CLANG_WARN_OBJC_ROOT_CLASS = YES_ERROR;
				CLANG_WARN_UNREACHABLE_CODE = YES;
				CLANG_WARN__DUPLICATE_METHOD_MATCH = YES;
				"CODE_SIGN_IDENTITY[sdk=iphoneos*]" = "iPhone Developer";
				COPY_PHASE_STRIP = NO;
				DEBUG_INFORMATION_FORMAT = "dwarf-with-dsym";
				ENABLE_STRICT_OBJC_MSGSEND = YES;
				GCC_C_LANGUAGE_STANDARD = gnu99;
				GCC_DYNAMIC_NO_PIC = NO;
				GCC_NO_COMMON_BLOCKS = YES;
				GCC_OPTIMIZATION_LEVEL = 0;
				GCC_PREPROCESSOR_DEFINITIONS = (
					"DEBUG=1",
					"$(inherited)",
				);
				GCC_SYMBOLS_PRIVATE_EXTERN = NO;
				GCC_WARN_64_TO_32_BIT_CONVERSION = YES;
				GCC_WARN_ABOUT_RETURN_TYPE = YES_ERROR;
				GCC_WARN_UNDECLARED_SELECTOR = YES;
				GCC_WARN_UNINITIALIZED_AUTOS = YES_AGGRESSIVE;
				GCC_WARN_UNUSED_FUNCTION = YES;
				GCC_WARN_UNUSED_VARIABLE = YES;
				IPHONEOS_DEPLOYMENT_TARGET = 8.3;
				MTL_ENABLE_DEBUG_INFO = YES;
				ONLY_ACTIVE_ARCH = YES;
				SDKROOT = iphoneos;
				SWIFT_OPTIMIZATION_LEVEL = "-Onone";
				TARGETED_DEVICE_FAMILY = "1,2";
			};
			name = Debug;
		};
		AE5D17E11AFFD62C00E55203 /* Release */ = {
			isa = XCBuildConfiguration;
			buildSettings = {
				ALWAYS_SEARCH_USER_PATHS = NO;
				CLANG_CXX_LANGUAGE_STANDARD = "gnu++0x";
				CLANG_CXX_LIBRARY = "libc++";
				CLANG_ENABLE_MODULES = YES;
				CLANG_ENABLE_OBJC_ARC = YES;
				CLANG_WARN_BOOL_CONVERSION = YES;
				CLANG_WARN_CONSTANT_CONVERSION = YES;
				CLANG_WARN_DIRECT_OBJC_ISA_USAGE = YES_ERROR;
				CLANG_WARN_EMPTY_BODY = YES;
				CLANG_WARN_ENUM_CONVERSION = YES;
				CLANG_WARN_INT_CONVERSION = YES;
				CLANG_WARN_OBJC_ROOT_CLASS = YES_ERROR;
				CLANG_WARN_UNREACHABLE_CODE = YES;
				CLANG_WARN__DUPLICATE_METHOD_MATCH = YES;
				"CODE_SIGN_IDENTITY[sdk=iphoneos*]" = "iPhone Developer";
				COPY_PHASE_STRIP = NO;
				DEBUG_INFORMATION_FORMAT = "dwarf-with-dsym";
				ENABLE_NS_ASSERTIONS = NO;
				ENABLE_STRICT_OBJC_MSGSEND = YES;
				GCC_C_LANGUAGE_STANDARD = gnu99;
				GCC_NO_COMMON_BLOCKS = YES;
				GCC_WARN_64_TO_32_BIT_CONVERSION = YES;
				GCC_WARN_ABOUT_RETURN_TYPE = YES_ERROR;
				GCC_WARN_UNDECLARED_SELECTOR = YES;
				GCC_WARN_UNINITIALIZED_AUTOS = YES_AGGRESSIVE;
				GCC_WARN_UNUSED_FUNCTION = YES;
				GCC_WARN_UNUSED_VARIABLE = YES;
				IPHONEOS_DEPLOYMENT_TARGET = 8.3;
				MTL_ENABLE_DEBUG_INFO = NO;
				SDKROOT = iphoneos;
				TARGETED_DEVICE_FAMILY = "1,2";
				VALIDATE_PRODUCT = YES;
			};
			name = Release;
		};
		AE5D17E31AFFD62C00E55203 /* Debug */ = {
			isa = XCBuildConfiguration;
			buildSettings = {
				ASSETCATALOG_COMPILER_APPICON_NAME = AppIcon;
				CODE_SIGN_ENTITLEMENTS = "Metronome Master/Metronome Master.entitlements";
				CODE_SIGN_IDENTITY = "iPhone Developer";
				FRAMEWORK_SEARCH_PATHS = (
					"$(inherited)",
					"$(PROJECT_DIR)/Metronome",
					Master,
				);
				INFOPLIST_FILE = "Metronome Master/Info.plist";
				LD_RUNPATH_SEARCH_PATHS = "$(inherited) @executable_path/Frameworks";
				PRODUCT_NAME = "$(TARGET_NAME)";
			};
			name = Debug;
		};
		AE5D17E41AFFD62C00E55203 /* Release */ = {
			isa = XCBuildConfiguration;
			buildSettings = {
				ASSETCATALOG_COMPILER_APPICON_NAME = AppIcon;
				CODE_SIGN_ENTITLEMENTS = "Metronome Master/Metronome Master.entitlements";
				CODE_SIGN_IDENTITY = "iPhone Developer";
				FRAMEWORK_SEARCH_PATHS = (
					"$(inherited)",
					"$(PROJECT_DIR)/Metronome",
					Master,
				);
				INFOPLIST_FILE = "Metronome Master/Info.plist";
				LD_RUNPATH_SEARCH_PATHS = "$(inherited) @executable_path/Frameworks";
				PRODUCT_NAME = "$(TARGET_NAME)";
			};
			name = Release;
		};
		AE5D17E61AFFD62C00E55203 /* Debug */ = {
			isa = XCBuildConfiguration;
			buildSettings = {
				BUNDLE_LOADER = "$(TEST_HOST)";
				FRAMEWORK_SEARCH_PATHS = (
					"$(SDKROOT)/Developer/Library/Frameworks",
					"$(inherited)",
				);
				GCC_PREPROCESSOR_DEFINITIONS = (
					"DEBUG=1",
					"$(inherited)",
				);
				INFOPLIST_FILE = "Metronome MasterTests/Info.plist";
				LD_RUNPATH_SEARCH_PATHS = "$(inherited) @executable_path/Frameworks @loader_path/Frameworks";
				PRODUCT_NAME = "$(TARGET_NAME)";
				TEST_HOST = "$(BUILT_PRODUCTS_DIR)/Metronome Master.app/Metronome Master";
			};
			name = Debug;
		};
		AE5D17E71AFFD62C00E55203 /* Release */ = {
			isa = XCBuildConfiguration;
			buildSettings = {
				BUNDLE_LOADER = "$(TEST_HOST)";
				FRAMEWORK_SEARCH_PATHS = (
					"$(SDKROOT)/Developer/Library/Frameworks",
					"$(inherited)",
				);
				INFOPLIST_FILE = "Metronome MasterTests/Info.plist";
				LD_RUNPATH_SEARCH_PATHS = "$(inherited) @executable_path/Frameworks @loader_path/Frameworks";
				PRODUCT_NAME = "$(TARGET_NAME)";
				TEST_HOST = "$(BUILT_PRODUCTS_DIR)/Metronome Master.app/Metronome Master";
			};
			name = Release;
		};
/* End XCBuildConfiguration section */

/* Begin XCConfigurationList section */
		AE5D17BB1AFFD62B00E55203 /* Build configuration list for PBXProject "Metronome Master" */ = {
			isa = XCConfigurationList;
			buildConfigurations = (
				AE5D17E01AFFD62C00E55203 /* Debug */,
				AE5D17E11AFFD62C00E55203 /* Release */,
			);
			defaultConfigurationIsVisible = 0;
			defaultConfigurationName = Release;
		};
		AE5D17E21AFFD62C00E55203 /* Build configuration list for PBXNativeTarget "Metronome Master" */ = {
			isa = XCConfigurationList;
			buildConfigurations = (
				AE5D17E31AFFD62C00E55203 /* Debug */,
				AE5D17E41AFFD62C00E55203 /* Release */,
			);
			defaultConfigurationIsVisible = 0;
			defaultConfigurationName = Release;
		};
		AE5D17E51AFFD62C00E55203 /* Build configuration list for PBXNativeTarget "Metronome MasterTests" */ = {
			isa = XCConfigurationList;
			buildConfigurations = (
				AE5D17E61AFFD62C00E55203 /* Debug */,
				AE5D17E71AFFD62C00E55203 /* Release */,
			);
			defaultConfigurationIsVisible = 0;
			defaultConfigurationName = Release;
		};
/* End XCConfigurationList section */

/* Begin XCVersionGroup section */
		AE5D17C71AFFD62B00E55203 /* Metronome_Master.xcdatamodeld */ = {
			isa = XCVersionGroup;
			children = (
				AE5D17C81AFFD62B00E55203 /* Metronome_Master.xcdatamodel */,
			);
			currentVersion = AE5D17C81AFFD62B00E55203 /* Metronome_Master.xcdatamodel */;
			path = Metronome_Master.xcdatamodeld;
			sourceTree = "<group>";
			versionGroupType = wrapper.xcdatamodel;
		};
/* End XCVersionGroup section */
	};
	rootObject = AE5D17B81AFFD62B00E55203 /* Project object */;
}
